
Microsoft Visual Studio Solution File, Format Version 12.00
# Visual Studio Version 17
VisualStudioVersion = 17.10.35004.147
MinimumVisualStudioVersion = 10.0.40219.1
Project("{9A19103F-16F7-4668-BE54-9A1E7A4F7556}") = "NUnitBrowserStackPoC", "NUnitBrowserStackPoC.csproj", "{86E9FB0A-46F0-4EC9-A7A5-D308D7C6F0F2}"
EndProject
Global
	GlobalSection(SolutionConfigurationPlatforms) = preSolution
		Debug|Any CPU = Debug|Any CPU
		Release|Any CPU = Release|Any CPU
	EndGlobalSection
	GlobalSection(ProjectConfigurationPlatforms) = postSolution
		{86E9FB0A-46F0-4EC9-A7A5-D308D7C6F0F2}.Debug|Any CPU.ActiveCfg = Debug|Any CPU
		{86E9FB0A-46F0-4EC9-A7A5-D308D7C6F0F2}.Debug|Any CPU.Build.0 = Debug|Any CPU
		{86E9FB0A-46F0-4EC9-A7A5-D308D7C6F0F2}.Release|Any CPU.ActiveCfg = Release|Any CPU
		{86E9FB0A-46F0-4EC9-A7A5-D308D7C6F0F2}.Release|Any CPU.Build.0 = Release|Any CPU
	EndGlobalSection
	GlobalSection(SolutionProperties) = preSolution
		HideSolutionNode = FALSE
	EndGlobalSection
	GlobalSection(ExtensibilityGlobals) = postSolution
		SolutionGuid = {7CDA3661-500D-48BE-B1D4-7AA87D4A88A7}
	EndGlobalSection
EndGlobal
